
Microsoft Visual Studio Solution File, Format Version 12.00
# Visual Studio Version 16
VisualStudioVersion = 16.0.31624.102
MinimumVisualStudioVersion = 10.0.40219.1
Project("{FAE04EC0-301F-11D3-BF4B-00C04F79EFBC}") = "MVC_CRUD", "MVC_CRUD\MVC_CRUD.csproj", "{579C963F-A389-46C7-8903-3DAADEFF4BF0}"
EndProject
Project("{FAE04EC0-301F-11D3-BF4B-00C04F79EFBC}") = "BO", "BO\BO.csproj", "{69C3D65D-ED05-4185-A85D-38A8CE3D33A0}"
EndProject
Project("{FAE04EC0-301F-11D3-BF4B-00C04F79EFBC}") = "DAL", "DAL\DAL.csproj", "{EEF082C5-6BF1-40B9-A717-2EC80266BBA5}"
EndProject
Project("{FAE04EC0-301F-11D3-BF4B-00C04F79EFBC}") = "BL", "BL\BL.csproj", "{653DE7FE-7203-4D73-B967-1AE1F938E46E}"
EndProject
Global
	GlobalSection(SolutionConfigurationPlatforms) = preSolution
		Debug|Any CPU = Debug|Any CPU
		Release|Any CPU = Release|Any CPU
	EndGlobalSection
	GlobalSection(ProjectConfigurationPlatforms) = postSolution
		{579C963F-A389-46C7-8903-3DAADEFF4BF0}.Debug|Any CPU.ActiveCfg = Debug|Any CPU
		{579C963F-A389-46C7-8903-3DAADEFF4BF0}.Debug|Any CPU.Build.0 = Debug|Any CPU
		{579C963F-A389-46C7-8903-3DAADEFF4BF0}.Release|Any CPU.ActiveCfg = Release|Any CPU
		{579C963F-A389-46C7-8903-3DAADEFF4BF0}.Release|Any CPU.Build.0 = Release|Any CPU
		{69C3D65D-ED05-4185-A85D-38A8CE3D33A0}.Debug|Any CPU.ActiveCfg = Debug|Any CPU
		{69C3D65D-ED05-4185-A85D-38A8CE3D33A0}.Debug|Any CPU.Build.0 = Debug|Any CPU
		{69C3D65D-ED05-4185-A85D-38A8CE3D33A0}.Release|Any CPU.ActiveCfg = Release|Any CPU
		{69C3D65D-ED05-4185-A85D-38A8CE3D33A0}.Release|Any CPU.Build.0 = Release|Any CPU
		{EEF082C5-6BF1-40B9-A717-2EC80266BBA5}.Debug|Any CPU.ActiveCfg = Debug|Any CPU
		{EEF082C5-6BF1-40B9-A717-2EC80266BBA5}.Debug|Any CPU.Build.0 = Debug|Any CPU
		{EEF082C5-6BF1-40B9-A717-2EC80266BBA5}.Release|Any CPU.ActiveCfg = Release|Any CPU
		{EEF082C5-6BF1-40B9-A717-2EC80266BBA5}.Release|Any CPU.Build.0 = Release|Any CPU
		{653DE7FE-7203-4D73-B967-1AE1F938E46E}.Debug|Any CPU.ActiveCfg = Debug|Any CPU
		{653DE7FE-7203-4D73-B967-1AE1F938E46E}.Debug|Any CPU.Build.0 = Debug|Any CPU
		{653DE7FE-7203-4D73-B967-1AE1F938E46E}.Release|Any CPU.ActiveCfg = Release|Any CPU
		{653DE7FE-7203-4D73-B967-1AE1F938E46E}.Release|Any CPU.Build.0 = Release|Any CPU
	EndGlobalSection
	GlobalSection(SolutionProperties) = preSolution
		HideSolutionNode = FALSE
	EndGlobalSection
	GlobalSection(ExtensibilityGlobals) = postSolution
		SolutionGuid = {1D786CDA-BF14-4ECF-A208-47923E9F184D}
	EndGlobalSection
EndGlobal
